
Microsoft Visual Studio Solution File, Format Version 12.00
# Visual Studio 15
VisualStudioVersion = 15.0.27130.2010
MinimumVisualStudioVersion = 10.0.40219.1
Project("{2150E333-8FDC-42A3-9474-1A3956D46DE8}") = "1-Domain", "1-Domain", "{14BE4B96-F0F3-48A0-89C4-AB5CBBC48953}"
EndProject
Project("{2150E333-8FDC-42A3-9474-1A3956D46DE8}") = "3-Application", "3-Application", "{2A04A8BD-610A-4EA6-8B1C-44F83E6B55CF}"
EndProject
Project("{2150E333-8FDC-42A3-9474-1A3956D46DE8}") = "2-Infraestructure", "2-Infraestructure", "{C3A71A5A-B613-4080-A504-DB5264AF3A87}"
EndProject
Project("{9A19103F-16F7-4668-BE54-9A1E7A4F7556}") = "Domain.Model", "Domain.Model\Domain.Model.csproj", "{661EF3FA-1054-4AB5-B52F-189E9A9AD299}"
EndProject
Project("{9A19103F-16F7-4668-BE54-9A1E7A4F7556}") = "DomainServices.Services", "DomainServices.Services\DomainServices.Services.csproj", "{5A79F21B-B90E-4390-ACA6-A9A810E09C99}"
EndProject
Project("{9A19103F-16F7-4668-BE54-9A1E7A4F7556}") = "DomainServices.Interfaces", "DomainServices.Interfaces\DomainServices.Interfaces.csproj", "{19C024B0-B44E-4E91-81D7-FD84441B6867}"
EndProject
Project("{9A19103F-16F7-4668-BE54-9A1E7A4F7556}") = "Infraestructure.Persistence", "Domain.Persistence\Infraestructure.Persistence.csproj", "{502D2708-8EEA-4E48-9279-6DCB30B9682A}"
EndProject
Project("{9A19103F-16F7-4668-BE54-9A1E7A4F7556}") = "Application.ViewModels", "Application.ViewModels\Application.ViewModels.csproj", "{838C9B84-8F02-4B8C-A10D-973ADFCF29CD}"
EndProject
Project("{2150E333-8FDC-42A3-9474-1A3956D46DE8}") = "0-Tests", "0-Tests", "{D2CDA2BA-B9C4-45D4-A094-65F93BF67EE4}"
EndProject
Project("{9A19103F-16F7-4668-BE54-9A1E7A4F7556}") = "Application.API", "Application.API\Application.API.csproj", "{CCAC1FF8-58CD-434D-BAF6-40D91C781064}"
EndProject
Project("{9A19103F-16F7-4668-BE54-9A1E7A4F7556}") = "USTParchis", "USTParchis\USTParchis.csproj", "{71238769-EE3D-445A-951B-E6328EF76C76}"
EndProject
Project("{9A19103F-16F7-4668-BE54-9A1E7A4F7556}") = "Infraestructure.Reflection", "Infraestructure.Reflection\Infraestructure.Reflection.csproj", "{44DFE337-BE09-4017-848B-A893A3C914E5}"
EndProject
Project("{9A19103F-16F7-4668-BE54-9A1E7A4F7556}") = "Domain.Services.Tests", "Domain.Services.Tests\Domain.Services.Tests.csproj", "{30EB07ED-343F-46D4-AEBD-F6DCA250BAA2}"
EndProject
Project("{9A19103F-16F7-4668-BE54-9A1E7A4F7556}") = "Application.API.Tests", "Application.API.Tests\Application.API.Tests.csproj", "{165E0912-44C2-4912-B494-2A6EC468ADB7}"
EndProject
Project("{9A19103F-16F7-4668-BE54-9A1E7A4F7556}") = "Domain.Model.Tests", "Domain.Model.Tests\Domain.Model.Tests.csproj", "{43D9E515-13B4-47EC-91F9-DC12EA6106A0}"
EndProject
Project("{9A19103F-16F7-4668-BE54-9A1E7A4F7556}") = "Infraestructure.Internationalization", "Infraestructure.Internationalization\Infraestructure.Internationalization.csproj", "{D29DE339-DC6B-4E33-A5D4-1A4E87FB505F}"
EndProject
Project("{9A19103F-16F7-4668-BE54-9A1E7A4F7556}") = "Infraestructure.Tests", "Internationalization.Infraestructure.Tests\Infraestructure.Tests.csproj", "{57D1886D-4230-486D-A5ED-3DCE97CCA274}"
EndProject
Project("{FAE04EC0-301F-11D3-BF4B-00C04F79EFBC}") = "Infraestructure.Validation", "Infraestructure.Validation\Infraestructure.Validation.csproj", "{43489B6E-487F-4CCB-AF74-91A6062F1435}"
EndProject
Global
	GlobalSection(SolutionConfigurationPlatforms) = preSolution
		Debug|Any CPU = Debug|Any CPU
		Release|Any CPU = Release|Any CPU
	EndGlobalSection
	GlobalSection(ProjectConfigurationPlatforms) = postSolution
		{661EF3FA-1054-4AB5-B52F-189E9A9AD299}.Debug|Any CPU.ActiveCfg = Debug|Any CPU
		{661EF3FA-1054-4AB5-B52F-189E9A9AD299}.Debug|Any CPU.Build.0 = Debug|Any CPU
		{661EF3FA-1054-4AB5-B52F-189E9A9AD299}.Release|Any CPU.ActiveCfg = Release|Any CPU
		{661EF3FA-1054-4AB5-B52F-189E9A9AD299}.Release|Any CPU.Build.0 = Release|Any CPU
		{5A79F21B-B90E-4390-ACA6-A9A810E09C99}.Debug|Any CPU.ActiveCfg = Debug|Any CPU
		{5A79F21B-B90E-4390-ACA6-A9A810E09C99}.Debug|Any CPU.Build.0 = Debug|Any CPU
		{5A79F21B-B90E-4390-ACA6-A9A810E09C99}.Release|Any CPU.ActiveCfg = Release|Any CPU
		{5A79F21B-B90E-4390-ACA6-A9A810E09C99}.Release|Any CPU.Build.0 = Release|Any CPU
		{19C024B0-B44E-4E91-81D7-FD84441B6867}.Debug|Any CPU.ActiveCfg = Debug|Any CPU
		{19C024B0-B44E-4E91-81D7-FD84441B6867}.Debug|Any CPU.Build.0 = Debug|Any CPU
		{19C024B0-B44E-4E91-81D7-FD84441B6867}.Release|Any CPU.ActiveCfg = Release|Any CPU
		{19C024B0-B44E-4E91-81D7-FD84441B6867}.Release|Any CPU.Build.0 = Release|Any CPU
		{502D2708-8EEA-4E48-9279-6DCB30B9682A}.Debug|Any CPU.ActiveCfg = Debug|Any CPU
		{502D2708-8EEA-4E48-9279-6DCB30B9682A}.Debug|Any CPU.Build.0 = Debug|Any CPU
		{502D2708-8EEA-4E48-9279-6DCB30B9682A}.Release|Any CPU.ActiveCfg = Release|Any CPU
		{502D2708-8EEA-4E48-9279-6DCB30B9682A}.Release|Any CPU.Build.0 = Release|Any CPU
		{838C9B84-8F02-4B8C-A10D-973ADFCF29CD}.Debug|Any CPU.ActiveCfg = Debug|Any CPU
		{838C9B84-8F02-4B8C-A10D-973ADFCF29CD}.Debug|Any CPU.Build.0 = Debug|Any CPU
		{838C9B84-8F02-4B8C-A10D-973ADFCF29CD}.Release|Any CPU.ActiveCfg = Release|Any CPU
		{838C9B84-8F02-4B8C-A10D-973ADFCF29CD}.Release|Any CPU.Build.0 = Release|Any CPU
		{CCAC1FF8-58CD-434D-BAF6-40D91C781064}.Debug|Any CPU.ActiveCfg = Debug|Any CPU
		{CCAC1FF8-58CD-434D-BAF6-40D91C781064}.Debug|Any CPU.Build.0 = Debug|Any CPU
		{CCAC1FF8-58CD-434D-BAF6-40D91C781064}.Release|Any CPU.ActiveCfg = Release|Any CPU
		{CCAC1FF8-58CD-434D-BAF6-40D91C781064}.Release|Any CPU.Build.0 = Release|Any CPU
		{71238769-EE3D-445A-951B-E6328EF76C76}.Debug|Any CPU.ActiveCfg = Debug|Any CPU
		{71238769-EE3D-445A-951B-E6328EF76C76}.Debug|Any CPU.Build.0 = Debug|Any CPU
		{71238769-EE3D-445A-951B-E6328EF76C76}.Release|Any CPU.ActiveCfg = Release|Any CPU
		{71238769-EE3D-445A-951B-E6328EF76C76}.Release|Any CPU.Build.0 = Release|Any CPU
		{44DFE337-BE09-4017-848B-A893A3C914E5}.Debug|Any CPU.ActiveCfg = Debug|Any CPU
		{44DFE337-BE09-4017-848B-A893A3C914E5}.Debug|Any CPU.Build.0 = Debug|Any CPU
		{44DFE337-BE09-4017-848B-A893A3C914E5}.Release|Any CPU.ActiveCfg = Release|Any CPU
		{44DFE337-BE09-4017-848B-A893A3C914E5}.Release|Any CPU.Build.0 = Release|Any CPU
		{30EB07ED-343F-46D4-AEBD-F6DCA250BAA2}.Debug|Any CPU.ActiveCfg = Debug|Any CPU
		{30EB07ED-343F-46D4-AEBD-F6DCA250BAA2}.Debug|Any CPU.Build.0 = Debug|Any CPU
		{30EB07ED-343F-46D4-AEBD-F6DCA250BAA2}.Release|Any CPU.ActiveCfg = Release|Any CPU
		{30EB07ED-343F-46D4-AEBD-F6DCA250BAA2}.Release|Any CPU.Build.0 = Release|Any CPU
		{165E0912-44C2-4912-B494-2A6EC468ADB7}.Debug|Any CPU.ActiveCfg = Debug|Any CPU
		{165E0912-44C2-4912-B494-2A6EC468ADB7}.Debug|Any CPU.Build.0 = Debug|Any CPU
		{165E0912-44C2-4912-B494-2A6EC468ADB7}.Release|Any CPU.ActiveCfg = Release|Any CPU
		{165E0912-44C2-4912-B494-2A6EC468ADB7}.Release|Any CPU.Build.0 = Release|Any CPU
		{43D9E515-13B4-47EC-91F9-DC12EA6106A0}.Debug|Any CPU.ActiveCfg = Debug|Any CPU
		{43D9E515-13B4-47EC-91F9-DC12EA6106A0}.Debug|Any CPU.Build.0 = Debug|Any CPU
		{43D9E515-13B4-47EC-91F9-DC12EA6106A0}.Release|Any CPU.ActiveCfg = Release|Any CPU
		{43D9E515-13B4-47EC-91F9-DC12EA6106A0}.Release|Any CPU.Build.0 = Release|Any CPU
		{D29DE339-DC6B-4E33-A5D4-1A4E87FB505F}.Debug|Any CPU.ActiveCfg = Debug|Any CPU
		{D29DE339-DC6B-4E33-A5D4-1A4E87FB505F}.Debug|Any CPU.Build.0 = Debug|Any CPU
		{D29DE339-DC6B-4E33-A5D4-1A4E87FB505F}.Release|Any CPU.ActiveCfg = Release|Any CPU
		{D29DE339-DC6B-4E33-A5D4-1A4E87FB505F}.Release|Any CPU.Build.0 = Release|Any CPU
		{57D1886D-4230-486D-A5ED-3DCE97CCA274}.Debug|Any CPU.ActiveCfg = Debug|Any CPU
		{57D1886D-4230-486D-A5ED-3DCE97CCA274}.Debug|Any CPU.Build.0 = Debug|Any CPU
		{57D1886D-4230-486D-A5ED-3DCE97CCA274}.Release|Any CPU.ActiveCfg = Release|Any CPU
		{57D1886D-4230-486D-A5ED-3DCE97CCA274}.Release|Any CPU.Build.0 = Release|Any CPU
		{43489B6E-487F-4CCB-AF74-91A6062F1435}.Debug|Any CPU.ActiveCfg = Debug|Any CPU
		{43489B6E-487F-4CCB-AF74-91A6062F1435}.Debug|Any CPU.Build.0 = Debug|Any CPU
		{43489B6E-487F-4CCB-AF74-91A6062F1435}.Release|Any CPU.ActiveCfg = Release|Any CPU
		{43489B6E-487F-4CCB-AF74-91A6062F1435}.Release|Any CPU.Build.0 = Release|Any CPU
	EndGlobalSection
	GlobalSection(SolutionProperties) = preSolution
		HideSolutionNode = FALSE
	EndGlobalSection
	GlobalSection(NestedProjects) = preSolution
		{661EF3FA-1054-4AB5-B52F-189E9A9AD299} = {14BE4B96-F0F3-48A0-89C4-AB5CBBC48953}
		{5A79F21B-B90E-4390-ACA6-A9A810E09C99} = {14BE4B96-F0F3-48A0-89C4-AB5CBBC48953}
		{19C024B0-B44E-4E91-81D7-FD84441B6867} = {14BE4B96-F0F3-48A0-89C4-AB5CBBC48953}
		{502D2708-8EEA-4E48-9279-6DCB30B9682A} = {C3A71A5A-B613-4080-A504-DB5264AF3A87}
		{838C9B84-8F02-4B8C-A10D-973ADFCF29CD} = {2A04A8BD-610A-4EA6-8B1C-44F83E6B55CF}
		{CCAC1FF8-58CD-434D-BAF6-40D91C781064} = {2A04A8BD-610A-4EA6-8B1C-44F83E6B55CF}
		{44DFE337-BE09-4017-848B-A893A3C914E5} = {C3A71A5A-B613-4080-A504-DB5264AF3A87}
		{30EB07ED-343F-46D4-AEBD-F6DCA250BAA2} = {D2CDA2BA-B9C4-45D4-A094-65F93BF67EE4}
		{165E0912-44C2-4912-B494-2A6EC468ADB7} = {D2CDA2BA-B9C4-45D4-A094-65F93BF67EE4}
		{43D9E515-13B4-47EC-91F9-DC12EA6106A0} = {D2CDA2BA-B9C4-45D4-A094-65F93BF67EE4}
		{D29DE339-DC6B-4E33-A5D4-1A4E87FB505F} = {C3A71A5A-B613-4080-A504-DB5264AF3A87}
		{57D1886D-4230-486D-A5ED-3DCE97CCA274} = {D2CDA2BA-B9C4-45D4-A094-65F93BF67EE4}
		{43489B6E-487F-4CCB-AF74-91A6062F1435} = {C3A71A5A-B613-4080-A504-DB5264AF3A87}
	EndGlobalSection
	GlobalSection(ExtensibilityGlobals) = postSolution
		SolutionGuid = {5C95633C-AF3C-4071-8A8F-D0976F12CF1C}
	EndGlobalSection
EndGlobal
